
Microsoft Visual Studio Solution File, Format Version 12.00
# Visual Studio Version 17
VisualStudioVersion = 17.14.36127.28 d17.14
MinimumVisualStudioVersion = 10.0.40219.1
Project("{FAE04EC0-301F-11D3-BF4B-00C04F79EFBC}") = "SmartPath", "SmartPath\SmartPath.csproj", "{3974AD80-5530-48CE-AC97-E0411815FF60}"
EndProject
Global
	GlobalSection(SolutionConfigurationPlatforms) = preSolution
		Debug|Any CPU = Debug|Any CPU
		Release|Any CPU = Release|Any CPU
	EndGlobalSection
	GlobalSection(ProjectConfigurationPlatforms) = postSolution
		{3974AD80-5530-48CE-AC97-E0411815FF60}.Debug|Any CPU.ActiveCfg = Debug|Any CPU
		{3974AD80-5530-48CE-AC97-E0411815FF60}.Debug|Any CPU.Build.0 = Debug|Any CPU
		{3974AD80-5530-48CE-AC97-E0411815FF60}.Release|Any CPU.ActiveCfg = Release|Any CPU
		{3974AD80-5530-48CE-AC97-E0411815FF60}.Release|Any CPU.Build.0 = Release|Any CPU
	EndGlobalSection
	GlobalSection(SolutionProperties) = preSolution
		HideSolutionNode = FALSE
	EndGlobalSection
	GlobalSection(ExtensibilityGlobals) = postSolution
		SolutionGuid = {23810CE8-E744-4FDD-9345-114AC35D75DD}
	EndGlobalSection
EndGlobal
